{
  "name": "headless-apiclient",
  "version": "1.0.0",
  "lockfileVersion": 1,
  "requires": true,
  "dependencies": {
    "@angular/common": {
      "version": "9.1.0",
      "resolved": "https://registry.npmjs.org/@angular/common/-/common-9.1.0.tgz",
      "integrity": "sha512-6JPLNtMhI03bGTVQJeSwc+dTjV6DtP7M/BAyzIV0InZP1D6XsOh2QahLFIaaN2sSxYA2ClKuwfX1v+rx9AbXQA=="
    },
    "@angular/core": {
      "version": "9.1.0",
      "resolved": "https://registry.npmjs.org/@angular/core/-/core-9.1.0.tgz",
      "integrity": "sha512-RVlyegdIAij0P1wLY5ObIdsBAzvmHkHfElnmfiNKhaDftP6U/3zRtaKDu0bq0jvn1WCQ8zXxFQ8AWyKZwyFS+w=="
    },
    "rxjs": {
      "version": "6.5.5",
      "resolved": "https://registry.npmjs.org/rxjs/-/rxjs-6.5.5.tgz",
      "integrity": "sha512-WfQI+1gohdf0Dai/Bbmk5L5ItH5tYqm3ki2c5GdWhKjalzjg93N3avFjVStyZZz+A2Em+ZxKH5bNghw9UeylGQ==",
      "requires": {
        "tslib": "^1.9.0"
      }
    },
    "tslib": {
      "version": "1.11.1",
      "resolved": "https://registry.npmjs.org/tslib/-/tslib-1.11.1.tgz",
      "integrity": "sha512-aZW88SY8kQbU7gpV19lN24LtXh/yD4ZZg6qieAJDDg+YBsJcSmLGK9QpnUjAKVG/xefmvJGd1WUmfpT/g6AJGA=="
    }
  }
}
